
Microsoft Visual Studio Solution File, Format Version 12.00
# Visual Studio 15
VisualStudioVersion = 15.0.27703.2026
MinimumVisualStudioVersion = 10.0.40219.1
Project("{FAE04EC0-301F-11D3-BF4B-00C04F79EFBC}") = "ChatSaver", "ChatSaver\ChatSaver.csproj", "{FA7A5A2B-91E0-41D9-A8E9-DC3F5E20EA7A}"
EndProject
Global
	GlobalSection(SolutionConfigurationPlatforms) = preSolution
		Debug|Any CPU = Debug|Any CPU
		Release|Any CPU = Release|Any CPU
	EndGlobalSection
	GlobalSection(ProjectConfigurationPlatforms) = postSolution
		{FA7A5A2B-91E0-41D9-A8E9-DC3F5E20EA7A}.Debug|Any CPU.ActiveCfg = Debug|Any CPU
		{FA7A5A2B-91E0-41D9-A8E9-DC3F5E20EA7A}.Debug|Any CPU.Build.0 = Debug|Any CPU
		{FA7A5A2B-91E0-41D9-A8E9-DC3F5E20EA7A}.Release|Any CPU.ActiveCfg = Release|Any CPU
		{FA7A5A2B-91E0-41D9-A8E9-DC3F5E20EA7A}.Release|Any CPU.Build.0 = Release|Any CPU
	EndGlobalSection
	GlobalSection(SolutionProperties) = preSolution
		HideSolutionNode = FALSE
	EndGlobalSection
	GlobalSection(ExtensibilityGlobals) = postSolution
		SolutionGuid = {BA3EB833-0C99-484F-9319-BBBDD6B9B970}
	EndGlobalSection
EndGlobal
